// !$*UTF8*$!
{
	archiveVersion = 1;
	classes = {
	};
	objectVersion = 46;
	objects = {

/* Begin PBXBuildFile section */
		B61DC96B1C8922E6002799DF /* main.m in Sources */ = {isa = PBXBuildFile; fileRef = B61DC96A1C8922E6002799DF /* main.m */; };
		B61DC96E1C8922E6002799DF /* AppDelegate.m in Sources */ = {isa = PBXBuildFile; fileRef = B61DC96D1C8922E6002799DF /* AppDelegate.m */; };
		B61DC9711C8922E6002799DF /* ViewController.m in Sources */ = {isa = PBXBuildFile; fileRef = B61DC9701C8922E6002799DF /* ViewController.m */; };
		B61DC9741C8922E7002799DF /* Main.storyboard in Resources */ = {isa = PBXBuildFile; fileRef = B61DC9721C8922E7002799DF /* Main.storyboard */; };
		B61DC9761C8922E7002799DF /* Assets.xcassets in Resources */ = {isa = PBXBuildFile; fileRef = B61DC9751C8922E7002799DF /* Assets.xcassets */; };
		B61DC9791C8922E7002799DF /* LaunchScreen.storyboard in Resources */ = {isa = PBXBuildFile; fileRef = B61DC9771C8922E7002799DF /* LaunchScreen.storyboard */; };
		B61DC9841C8922E7002799DF /* MyGithubDesktopTests.m in Sources */ = {isa = PBXBuildFile; fileRef = B61DC9831C8922E7002799DF /* MyGithubDesktopTests.m */; };
		B61DC98F1C8922E7002799DF /* MyGithubDesktopUITests.m in Sources */ = {isa = PBXBuildFile; fileRef = B61DC98E1C8922E7002799DF /* MyGithubDesktopUITests.m */; };
/* End PBXBuildFile section */

/* Begin PBXContainerItemProxy section */
		B61DC9801C8922E7002799DF /* PBXContainerItemProxy */ = {
			isa = PBXContainerItemProxy;
			containerPortal = B61DC95E1C8922E6002799DF /* Project object */;
			proxyType = 1;
			remoteGlobalIDString = B61DC9651C8922E6002799DF;
			remoteInfo = MyGithubDesktop;
		};
		B61DC98B1C8922E7002799DF /* PBXContainerItemProxy */ = {
			isa = PBXContainerItemProxy;
			containerPortal = B61DC95E1C8922E6002799DF /* Project object */;
			proxyType = 1;
			remoteGlobalIDString = B61DC9651C8922E6002799DF;
			remoteInfo = MyGithubDesktop;
		};
/* End PBXContainerItemProxy section */

/* Begin PBXFileReference section */
		B61DC9661C8922E6002799DF /* MyGithubDesktop.app */ = {isa = PBXFileReference; explicitFileType = wrapper.application; includeInIndex = 0; path = MyGithubDesktop.app; sourceTree = BUILT_PRODUCTS_DIR; };
		B61DC96A1C8922E6002799DF /* main.m */ = {isa = PBXFileReference; lastKnownFileType = sourcecode.c.objc; path = main.m; sourceTree = "<group>"; };
		B61DC96C1C8922E6002799DF /* AppDelegate.h */ = {isa = PBXFileReference; lastKnownFileType = sourcecode.c.h; path = AppDelegate.h; sourceTree = "<group>"; };
		B61DC96D1C8922E6002799DF /* AppDelegate.m */ = {isa = PBXFileReference; lastKnownFileType = sourcecode.c.objc; path = AppDelegate.m; sourceTree = "<group>"; };
		B61DC96F1C8922E6002799DF /* ViewController.h */ = {isa = PBXFileReference; lastKnownFileType = sourcecode.c.h; path = ViewController.h; sourceTree = "<group>"; };
		B61DC9701C8922E6002799DF /* ViewController.m */ = {isa = PBXFileReference; lastKnownFileType = sourcecode.c.objc; path = ViewController.m; sourceTree = "<group>"; };
		B61DC9731C8922E7002799DF /* Base */ = {isa = PBXFileReference; lastKnownFileType = file.storyboard; name = Base; path = Base.lproj/Main.storyboard; sourceTree = "<group>"; };
		B61DC9751C8922E7002799DF /* Assets.xcassets */ = {isa = PBXFileReference; lastKnownFileType = folder.assetcatalog; path = Assets.xcassets; sourceTree = "<group>"; };
		B61DC9781C8922E7002799DF /* Base */ = {isa = PBXFileReference; lastKnownFileType = file.storyboard; name = Base; path = Base.lproj/LaunchScreen.storyboard; sourceTree = "<group>"; };
		B61DC97A1C8922E7002799DF /* Info.plist */ = {isa = PBXFileReference; lastKnownFileType = text.plist.xml; path = Info.plist; sourceTree = "<group>"; };
		B61DC97F1C8922E7002799DF /* MyGithubDesktopTests.xctest */ = {isa = PBXFileReference; explicitFileType = wrapper.cfbundle; includeInIndex = 0; path = MyGithubDesktopTests.xctest; sourceTree = BUILT_PRODUCTS_DIR; };
		B61DC9831C8922E7002799DF /* MyGithubDesktopTests.m */ = {isa = PBXFileReference; lastKnownFileType = sourcecode.c.objc; path = MyGithubDesktopTests.m; sourceTree = "<group>"; };
		B61DC9851C8922E7002799DF /* Info.plist */ = {isa = PBXFileReference; lastKnownFileType = text.plist.xml; path = Info.plist; sourceTree = "<group>"; };
		B61DC98A1C8922E7002799DF /* MyGithubDesktopUITests.xctest */ = {isa = PBXFileReference; explicitFileType = wrapper.cfbundle; includeInIndex = 0; path = MyGithubDesktopUITests.xctest; sourceTree = BUILT_PRODUCTS_DIR; };
		B61DC98E1C8922E7002799DF /* MyGithubDesktopUITests.m */ = {isa = PBXFileReference; lastKnownFileType = sourcecode.c.objc; path = MyGithubDesktopUITests.m; sourceTree = "<group>"; };
		B61DC9901C8922E7002799DF /* Info.plist */ = {isa = PBXFileReference; lastKnownFileType = text.plist.xml; path = Info.plist; sourceTree = "<group>"; };
/* End PBXFileReference section */

/* Begin PBXFrameworksBuildPhase section */
		B61DC9631C8922E6002799DF /* Frameworks */ = {
			isa = PBXFrameworksBuildPhase;
			buildActionMask = 2147483647;
			files = (
			);
			runOnlyForDeploymentPostprocessing = 0;
		};
		B61DC97C1C8922E7002799DF /* Frameworks */ = {
			isa = PBXFrameworksBuildPhase;
			buildActionMask = 2147483647;
			files = (
			);
			runOnlyForDeploymentPostprocessing = 0;
		};
		B61DC9871C8922E7002799DF /* Frameworks */ = {
			isa = PBXFrameworksBuildPhase;
			buildActionMask = 2147483647;
			files = (
			);
			runOnlyForDeploymentPostprocessing = 0;
		};
/* End PBXFrameworksBuildPhase section */

/* Begin PBXGroup section */
		B61DC95D1C8922E6002799DF = {
			isa = PBXGroup;
			children = (
				B61DC9681C8922E6002799DF /* MyGithubDesktop */,
				B61DC9821C8922E7002799DF /* MyGithubDesktopTests */,
				B61DC98D1C8922E7002799DF /* MyGithubDesktopUITests */,
				B61DC9671C8922E6002799DF /* Products */,
			);
			sourceTree = "<group>";
		};
		B61DC9671C8922E6002799DF /* Products */ = {
			isa = PBXGroup;
			children = (
				B61DC9661C8922E6002799DF /* MyGithubDesktop.app */,
				B61DC97F1C8922E7002799DF /* MyGithubDesktopTests.xctest */,
				B61DC98A1C8922E7002799DF /* MyGithubDesktopUITests.xctest */,
			);
			name = Products;
			sourceTree = "<group>";
		};
		B61DC9681C8922E6002799DF /* MyGithubDesktop */ = {
			isa = PBXGroup;
			children = (
				B61DC96C1C8922E6002799DF /* AppDelegate.h */,
				B61DC96D1C8922E6002799DF /* AppDelegate.m */,
				B61DC96F1C8922E6002799DF /* ViewController.h */,
				B61DC9701C8922E6002799DF /* ViewController.m */,
				B61DC9721C8922E7002799DF /* Main.storyboard */,
				B61DC9751C8922E7002799DF /* Assets.xcassets */,
				B61DC9771C8922E7002799DF /* LaunchScreen.storyboard */,
				B61DC97A1C8922E7002799DF /* Info.plist */,
				B61DC9691C8922E6002799DF /* Supporting Files */,
			);
			path = MyGithubDesktop;
			sourceTree = "<group>";
		};
		B61DC9691C8922E6002799DF /* Supporting Files */ = {
			isa = PBXGroup;
			children = (
				B61DC96A1C8922E6002799DF /* main.m */,
			);
			name = "Supporting Files";
			sourceTree = "<group>";
		};
		B61DC9821C8922E7002799DF /* MyGithubDesktopTests */ = {
			isa = PBXGroup;
			children = (
				B61DC9831C8922E7002799DF /* MyGithubDesktopTests.m */,
				B61DC9851C8922E7002799DF /* Info.plist */,
			);
			path = MyGithubDesktopTests;
			sourceTree = "<group>";
		};
		B61DC98D1C8922E7002799DF /* MyGithubDesktopUITests */ = {
			isa = PBXGroup;
			children = (
				B61DC98E1C8922E7002799DF /* MyGithubDesktopUITests.m */,
				B61DC9901C8922E7002799DF /* Info.plist */,
			);
			path = MyGithubDesktopUITests;
			sourceTree = "<group>";
		};
/* End PBXGroup section */

/* Begin PBXNativeTarget section */
		B61DC9651C8922E6002799DF /* MyGithubDesktop */ = {
			isa = PBXNativeTarget;
			buildConfigurationList = B61DC9931C8922E7002799DF /* Build configuration list for PBXNativeTarget "MyGithubDesktop" */;
			buildPhases = (
				B61DC9621C8922E6002799DF /* Sources */,
				B61DC9631C8922E6002799DF /* Frameworks */,
				B61DC9641C8922E6002799DF /* Resources */,
			);
			buildRules = (
			);
			dependencies = (
			);
			name = MyGithubDesktop;
			productName = MyGithubDesktop;
			productReference = B61DC9661C8922E6002799DF /* MyGithubDesktop.app */;
			productType = "com.apple.product-type.application";
		};
		B61DC97E1C8922E7002799DF /* MyGithubDesktopTests */ = {
			isa = PBXNativeTarget;
			buildConfigurationList = B61DC9961C8922E7002799DF /* Build configuration list for PBXNativeTarget "MyGithubDesktopTests" */;
			buildPhases = (
				B61DC97B1C8922E7002799DF /* Sources */,
				B61DC97C1C8922E7002799DF /* Frameworks */,
				B61DC97D1C8922E7002799DF /* Resources */,
			);
			buildRules = (
			);
			dependencies = (
				B61DC9811C8922E7002799DF /* PBXTargetDependency */,
			);
			name = MyGithubDesktopTests;
			productName = MyGithubDesktopTests;
			productReference = B61DC97F1C8922E7002799DF /* MyGithubDesktopTests.xctest */;
			productType = "com.apple.product-type.bundle.unit-test";
		};
		B61DC9891C8922E7002799DF /* MyGithubDesktopUITests */ = {
			isa = PBXNativeTarget;
			buildConfigurationList = B61DC9991C8922E7002799DF /* Build configuration list for PBXNativeTarget "MyGithubDesktopUITests" */;
			buildPhases = (
				B61DC9861C8922E7002799DF /* Sources */,
				B61DC9871C8922E7002799DF /* Frameworks */,
				B61DC9881C8922E7002799DF /* Resources */,
			);
			buildRules = (
			);
			dependencies = (
				B61DC98C1C8922E7002799DF /* PBXTargetDependency */,
			);
			name = MyGithubDesktopUITests;
			productName = MyGithubDesktopUITests;
			productReference = B61DC98A1C8922E7002799DF /* MyGithubDesktopUITests.xctest */;
			productType = "com.apple.product-type.bundle.ui-testing";
		};
/* End PBXNativeTarget section */

/* Begin PBXProject section */
		B61DC95E1C8922E6002799DF /* Project object */ = {
			isa = PBXProject;
			attributes = {
				LastUpgradeCheck = 0720;
				ORGANIZATIONNAME = liuzhi;
				TargetAttributes = {
					B61DC9651C8922E6002799DF = {
						CreatedOnToolsVersion = 7.2;
					};
					B61DC97E1C8922E7002799DF = {
						CreatedOnToolsVersion = 7.2;
						TestTargetID = B61DC9651C8922E6002799DF;
					};
					B61DC9891C8922E7002799DF = {
						CreatedOnToolsVersion = 7.2;
						TestTargetID = B61DC9651C8922E6002799DF;
					};
				};
			};
			buildConfigurationList = B61DC9611C8922E6002799DF /* Build configuration list for PBXProject "MyGithubDesktop" */;
			compatibilityVersion = "Xcode 3.2";
			developmentRegion = English;
			hasScannedForEncodings = 0;
			knownRegions = (
				en,
				Base,
			);
			mainGroup = B61DC95D1C8922E6002799DF;
			productRefGroup = B61DC9671C8922E6002799DF /* Products */;
			projectDirPath = "";
			projectRoot = "";
			targets = (
				B61DC9651C8922E6002799DF /* MyGithubDesktop */,
				B61DC97E1C8922E7002799DF /* MyGithubDesktopTests */,
				B61DC9891C8922E7002799DF /* MyGithubDesktopUITests */,
			);
		};
/* End PBXProject section */

/* Begin PBXResourcesBuildPhase section */
		B61DC9641C8922E6002799DF /* Resources */ = {
			isa = PBXResourcesBuildPhase;
			buildActionMask = 2147483647;
			files = (
				B61DC9791C8922E7002799DF /* LaunchScreen.storyboard in Resources */,
				B61DC9761C8922E7002799DF /* Assets.xcassets in Resources */,
				B61DC9741C8922E7002799DF /* Main.storyboard in Resources */,
			);
			runOnlyForDeploymentPostprocessing = 0;
		};
		B61DC97D1C8922E7002799DF /* Resources */ = {
			isa = PBXResourcesBuildPhase;
			buildActionMask = 2147483647;
			files = (
			);
			runOnlyForDeploymentPostprocessing = 0;
		};
		B61DC9881C8922E7002799DF /* Resources */ = {
			isa = PBXResourcesBuildPhase;
			buildActionMask = 2147483647;
			files = (
			);
			runOnlyForDeploymentPostprocessing = 0;
		};
/* End PBXResourcesBuildPhase section */

/* Begin PBXSourcesBuildPhase section */
		B61DC9621C8922E6002799DF /* Sources */ = {
			isa = PBXSourcesBuildPhase;
			buildActionMask = 2147483647;
			files = (
				B61DC9711C8922E6002799DF /* ViewController.m in Sources */,
				B61DC96E1C8922E6002799DF /* AppDelegate.m in Sources */,
				B61DC96B1C8922E6002799DF /* main.m in Sources */,
			);
			runOnlyForDeploymentPostprocessing = 0;
		};
		B61DC97B1C8922E7002799DF /* Sources */ = {
			isa = PBXSourcesBuildPhase;
			buildActionMask = 2147483647;
			files = (
				B61DC9841C8922E7002799DF /* MyGithubDesktopTests.m in Sources */,
			);
			runOnlyForDeploymentPostprocessing = 0;
		};
		B61DC9861C8922E7002799DF /* Sources */ = {
			isa = PBXSourcesBuildPhase;
			buildActionMask = 2147483647;
			files = (
				B61DC98F1C8922E7002799DF /* MyGithubDesktopUITests.m in Sources */,
			);
			runOnlyForDeploymentPostprocessing = 0;
		};
/* End PBXSourcesBuildPhase section */

/* Begin PBXTargetDependency section */
		B61DC9811C8922E7002799DF /* PBXTargetDependency */ = {
			isa = PBXTargetDependency;
			target = B61DC9651C8922E6002799DF /* MyGithubDesktop */;
			targetProxy = B61DC9801C8922E7002799DF /* PBXContainerItemProxy */;
		};
		B61DC98C1C8922E7002799DF /* PBXTargetDependency */ = {
			isa = PBXTargetDependency;
			target = B61DC9651C8922E6002799DF /* MyGithubDesktop */;
			targetProxy = B61DC98B1C8922E7002799DF /* PBXContainerItemProxy */;
		};
/* End PBXTargetDependency section */

/* Begin PBXVariantGroup section */
		B61DC9721C8922E7002799DF /* Main.storyboard */ = {
			isa = PBXVariantGroup;
			children = (
				B61DC9731C8922E7002799DF /* Base */,
			);
			name = Main.storyboard;
			sourceTree = "<group>";
		};
		B61DC9771C8922E7002799DF /* LaunchScreen.storyboard */ = {
			isa = PBXVariantGroup;
			children = (
				B61DC9781C8922E7002799DF /* Base */,
			);
			name = LaunchScreen.storyboard;
			sourceTree = "<group>";
		};
/* End PBXVariantGroup section */

/* Begin XCBuildConfiguration section */
		B61DC9911C8922E7002799DF /* Debug */ = {
			isa = XCBuildConfiguration;
			buildSettings = {
				ALWAYS_SEARCH_USER_PATHS = NO;
				CLANG_CXX_LANGUAGE_STANDARD = "gnu++0x";
				CLANG_CXX_LIBRARY = "libc++";
				CLANG_ENABLE_MODULES = YES;
				CLANG_ENABLE_OBJC_ARC = YES;
				CLANG_WARN_BOOL_CONVERSION = YES;
				CLANG_WARN_CONSTANT_CONVERSION = YES;
				CLANG_WARN_DIRECT_OBJC_ISA_USAGE = YES_ERROR;
				CLANG_WARN_EMPTY_BODY = YES;
				CLANG_WARN_ENUM_CONVERSION = YES;
				CLANG_WARN_INT_CONVERSION = YES;
				CLANG_WARN_OBJC_ROOT_CLASS = YES_ERROR;
				CLANG_WARN_UNREACHABLE_CODE = YES;
				CLANG_WARN__DUPLICATE_METHOD_MATCH = YES;
				"CODE_SIGN_IDENTITY[sdk=iphoneos*]" = "iPhone Developer";
				COPY_PHASE_STRIP = NO;
				DEBUG_INFORMATION_FORMAT = dwarf;
				ENABLE_STRICT_OBJC_MSGSEND = YES;
				ENABLE_TESTABILITY = YES;
				GCC_C_LANGUAGE_STANDARD = gnu99;
				GCC_DYNAMIC_NO_PIC = NO;
				GCC_NO_COMMON_BLOCKS = YES;
				GCC_OPTIMIZATION_LEVEL = 0;
				GCC_PREPROCESSOR_DEFINITIONS = (
					"DEBUG=1",
					"$(inherited)",
				);
				GCC_WARN_64_TO_32_BIT_CONVERSION = YES;
				GCC_WARN_ABOUT_RETURN_TYPE = YES_ERROR;
				GCC_WARN_UNDECLARED_SELECTOR = YES;
				GCC_WARN_UNINITIALIZED_AUTOS = YES_AGGRESSIVE;
				GCC_WARN_UNUSED_FUNCTION = YES;
				GCC_WARN_UNUSED_VARIABLE = YES;
				IPHONEOS_DEPLOYMENT_TARGET = 9.2;
				MTL_ENABLE_DEBUG_INFO = YES;
				ONLY_ACTIVE_ARCH = YES;
				SDKROOT = iphoneos;
			};
			name = Debug;
		};
		B61DC9921C8922E7002799DF /* Release */ = {
			isa = XCBuildConfiguration;
			buildSettings = {
				ALWAYS_SEARCH_USER_PATHS = NO;
				CLANG_CXX_LANGUAGE_STANDARD = "gnu++0x";
				CLANG_CXX_LIBRARY = "libc++";
				CLANG_ENABLE_MODULES = YES;
				CLANG_ENABLE_OBJC_ARC = YES;
				CLANG_WARN_BOOL_CONVERSION = YES;
				CLANG_WARN_CONSTANT_CONVERSION = YES;
				CLANG_WARN_DIRECT_OBJC_ISA_USAGE = YES_ERROR;
				CLANG_WARN_EMPTY_BODY = YES;
				CLANG_WARN_ENUM_CONVERSION = YES;
				CLANG_WARN_INT_CONVERSION = YES;
				CLANG_WARN_OBJC_ROOT_CLASS = YES_ERROR;
				CLANG_WARN_UNREACHABLE_CODE = YES;
				CLANG_WARN__DUPLICATE_METHOD_MATCH = YES;
				"CODE_SIGN_IDENTITY[sdk=iphoneos*]" = "iPhone Developer";
				COPY_PHASE_STRIP = NO;
				DEBUG_INFORMATION_FORMAT = "dwarf-with-dsym";
				ENABLE_NS_ASSERTIONS = NO;
				ENABLE_STRICT_OBJC_MSGSEND = YES;
				GCC_C_LANGUAGE_STANDARD = gnu99;
				GCC_NO_COMMON_BLOCKS = YES;
				GCC_WARN_64_TO_32_BIT_CONVERSION = YES;
				GCC_WARN_ABOUT_RETURN_TYPE = YES_ERROR;
				GCC_WARN_UNDECLARED_SELECTOR = YES;
				GCC_WARN_UNINITIALIZED_AUTOS = YES_AGGRESSIVE;
				GCC_WARN_UNUSED_FUNCTION = YES;
				GCC_WARN_UNUSED_VARIABLE = YES;
				IPHONEOS_DEPLOYMENT_TARGET = 9.2;
				MTL_ENABLE_DEBUG_INFO = NO;
				SDKROOT = iphoneos;
				VALIDATE_PRODUCT = YES;
			};
			name = Release;
		};
		B61DC9941C8922E7002799DF /* Debug */ = {
			isa = XCBuildConfiguration;
			buildSettings = {
				ASSETCATALOG_COMPILER_APPICON_NAME = AppIcon;
				INFOPLIST_FILE = MyGithubDesktop/Info.plist;
				LD_RUNPATH_SEARCH_PATHS = "$(inherited) @executable_path/Frameworks";
				PRODUCT_BUNDLE_IDENTIFIER = liuzhi.MyGithubDesktop;
				PRODUCT_NAME = "$(TARGET_NAME)";
			};
			name = Debug;
		};
		B61DC9951C8922E7002799DF /* Release */ = {
			isa = XCBuildConfiguration;
			buildSettings = {
				ASSETCATALOG_COMPILER_APPICON_NAME = AppIcon;
				INFOPLIST_FILE = MyGithubDesktop/Info.plist;
				LD_RUNPATH_SEARCH_PATHS = "$(inherited) @executable_path/Frameworks";
				PRODUCT_BUNDLE_IDENTIFIER = liuzhi.MyGithubDesktop;
				PRODUCT_NAME = "$(TARGET_NAME)";
			};
			name = Release;
		};
		B61DC9971C8922E7002799DF /* Debug */ = {
			isa = XCBuildConfiguration;
			buildSettings = {
				BUNDLE_LOADER = "$(TEST_HOST)";
				INFOPLIST_FILE = MyGithubDesktopTests/Info.plist;
				LD_RUNPATH_SEARCH_PATHS = "$(inherited) @executable_path/Frameworks @loader_path/Frameworks";
				PRODUCT_BUNDLE_IDENTIFIER = liuzhi.MyGithubDesktopTests;
				PRODUCT_NAME = "$(TARGET_NAME)";
				TEST_HOST = "$(BUILT_PRODUCTS_DIR)/MyGithubDesktop.app/MyGithubDesktop";
			};
			name = Debug;
		};
		B61DC9981C8922E7002799DF /* Release */ = {
			isa = XCBuildConfiguration;
			buildSettings = {
				BUNDLE_LOADER = "$(TEST_HOST)";
				INFOPLIST_FILE = MyGithubDesktopTests/Info.plist;
				LD_RUNPATH_SEARCH_PATHS = "$(inherited) @executable_path/Frameworks @loader_path/Frameworks";
				PRODUCT_BUNDLE_IDENTIFIER = liuzhi.MyGithubDesktopTests;
				PRODUCT_NAME = "$(TARGET_NAME)";
				TEST_HOST = "$(BUILT_PRODUCTS_DIR)/MyGithubDesktop.app/MyGithubDesktop";
			};
			name = Release;
		};
		B61DC99A1C8922E7002799DF /* Debug */ = {
			isa = XCBuildConfiguration;
			buildSettings = {
				INFOPLIST_FILE = MyGithubDesktopUITests/Info.plist;
				LD_RUNPATH_SEARCH_PATHS = "$(inherited) @executable_path/Frameworks @loader_path/Frameworks";
				PRODUCT_BUNDLE_IDENTIFIER = liuzhi.MyGithubDesktopUITests;
				PRODUCT_NAME = "$(TARGET_NAME)";
				TEST_TARGET_NAME = MyGithubDesktop;
				USES_XCTRUNNER = YES;
			};
			name = Debug;
		};
		B61DC99B1C8922E7002799DF /* Release */ = {
			isa = XCBuildConfiguration;
			buildSettings = {
				INFOPLIST_FILE = MyGithubDesktopUITests/Info.plist;
				LD_RUNPATH_SEARCH_PATHS = "$(inherited) @executable_path/Frameworks @loader_path/Frameworks";
				PRODUCT_BUNDLE_IDENTIFIER = liuzhi.MyGithubDesktopUITests;
				PRODUCT_NAME = "$(TARGET_NAME)";
				TEST_TARGET_NAME = MyGithubDesktop;
				USES_XCTRUNNER = YES;
			};
			name = Release;
		};
/* End XCBuildConfiguration section */

/* Begin XCConfigurationList section */
		B61DC9611C8922E6002799DF /* Build configuration list for PBXProject "MyGithubDesktop" */ = {
			isa = XCConfigurationList;
			buildConfigurations = (
				B61DC9911C8922E7002799DF /* Debug */,
				B61DC9921C8922E7002799DF /* Release */,
			);
			defaultConfigurationIsVisible = 0;
			defaultConfigurationName = Release;
		};
		B61DC9931C8922E7002799DF /* Build configuration list for PBXNativeTarget "MyGithubDesktop" */ = {
			isa = XCConfigurationList;
			buildConfigurations = (
				B61DC9941C8922E7002799DF /* Debug */,
				B61DC9951C8922E7002799DF /* Release */,
			);
			defaultConfigurationIsVisible = 0;
		};
		B61DC9961C8922E7002799DF /* Build configuration list for PBXNativeTarget "MyGithubDesktopTests" */ = {
			isa = XCConfigurationList;
			buildConfigurations = (
				B61DC9971C8922E7002799DF /* Debug */,
				B61DC9981C8922E7002799DF /* Release */,
			);
			defaultConfigurationIsVisible = 0;
		};
		B61DC9991C8922E7002799DF /* Build configuration list for PBXNativeTarget "MyGithubDesktopUITests" */ = {
			isa = XCConfigurationList;
			buildConfigurations = (
				B61DC99A1C8922E7002799DF /* Debug */,
				B61DC99B1C8922E7002799DF /* Release */,
			);
			defaultConfigurationIsVisible = 0;
		};
/* End XCConfigurationList section */
	};
	rootObject = B61DC95E1C8922E6002799DF /* Project object */;
}
